// !$*UTF8*$!
{
	archiveVersion = 1;
	classes = {
	};
	objectVersion = 46;
	objects = {

/* Begin PBXBuildFile section */
		8A36135E1BEBB3F100A54C10 /* LCExampleListViewController.m in Sources */ = {isa = PBXBuildFile; fileRef = 8A36135D1BEBB3F100A54C10 /* LCExampleListViewController.m */; };
		8A3613621BEBB5CE00A54C10 /* LCFrameLikeAutoLayoutController.m in Sources */ = {isa = PBXBuildFile; fileRef = 8A3613601BEBB5CE00A54C10 /* LCFrameLikeAutoLayoutController.m */; };
		8A3613631BEBB5CE00A54C10 /* LCFrameLikeAutoLayoutController.xib in Resources */ = {isa = PBXBuildFile; fileRef = 8A3613611BEBB5CE00A54C10 /* LCFrameLikeAutoLayoutController.xib */; };
		8A3613671BEBB7D100A54C10 /* LCResponsiveAutoLayoutViewController.m in Sources */ = {isa = PBXBuildFile; fileRef = 8A3613651BEBB7D100A54C10 /* LCResponsiveAutoLayoutViewController.m */; };
		8A3613681BEBB7D100A54C10 /* LCResponsiveAutoLayoutViewController.xib in Resources */ = {isa = PBXBuildFile; fileRef = 8A3613661BEBB7D100A54C10 /* LCResponsiveAutoLayoutViewController.xib */; };
		8A36136C1BEBBD9400A54C10 /* LCLaunchScreenViewController.m in Sources */ = {isa = PBXBuildFile; fileRef = 8A36136A1BEBBD9400A54C10 /* LCLaunchScreenViewController.m */; };
		8A36136D1BEBBD9400A54C10 /* LCLaunchScreenViewController.xib in Resources */ = {isa = PBXBuildFile; fileRef = 8A36136B1BEBBD9400A54C10 /* LCLaunchScreenViewController.xib */; };
		8A3613711BEBC13400A54C10 /* LCIntrinsicContentSizeViewController.m in Sources */ = {isa = PBXBuildFile; fileRef = 8A36136F1BEBC13400A54C10 /* LCIntrinsicContentSizeViewController.m */; };
		8A3613721BEBC13400A54C10 /* LCIntrinsicContentSizeViewController.xib in Resources */ = {isa = PBXBuildFile; fileRef = 8A3613701BEBC13400A54C10 /* LCIntrinsicContentSizeViewController.xib */; };
		8A7856C31BEEF498007A915F /* LCIntrinsicContentSizeExplanationViewController.m in Sources */ = {isa = PBXBuildFile; fileRef = 8A7856C11BEEF498007A915F /* LCIntrinsicContentSizeExplanationViewController.m */; };
		8A7856C41BEEF498007A915F /* LCIntrinsicContentSizeExplanationViewController.xib in Resources */ = {isa = PBXBuildFile; fileRef = 8A7856C21BEEF498007A915F /* LCIntrinsicContentSizeExplanationViewController.xib */; };
		8A7857071BEEFF9A007A915F /* LCDynamicLableHeightViewController.m in Sources */ = {isa = PBXBuildFile; fileRef = 8A7857051BEEFF9A007A915F /* LCDynamicLableHeightViewController.m */; };
		8A7857081BEEFF9A007A915F /* LCDynamicLableHeightViewController.xib in Resources */ = {isa = PBXBuildFile; fileRef = 8A7857061BEEFF9A007A915F /* LCDynamicLableHeightViewController.xib */; };
		8A7857111BEF3057007A915F /* LCAutolayoutLifecycleViewController.m in Sources */ = {isa = PBXBuildFile; fileRef = 8A78570F1BEF3057007A915F /* LCAutolayoutLifecycleViewController.m */; };
		8A7857121BEF3057007A915F /* LCAutolayoutLifecycleViewController.xib in Resources */ = {isa = PBXBuildFile; fileRef = 8A7857101BEF3057007A915F /* LCAutolayoutLifecycleViewController.xib */; };
		8A7857161BEF36B3007A915F /* LCSelfSizingTableViewController.m in Sources */ = {isa = PBXBuildFile; fileRef = 8A7857141BEF36B3007A915F /* LCSelfSizingTableViewController.m */; };
		8A7857171BEF36B3007A915F /* LCSelfSizingTableViewController.xib in Resources */ = {isa = PBXBuildFile; fileRef = 8A7857151BEF36B3007A915F /* LCSelfSizingTableViewController.xib */; };
		8A78571B1BEF36D2007A915F /* LCCellTableViewCell.m in Sources */ = {isa = PBXBuildFile; fileRef = 8A7857191BEF36D2007A915F /* LCCellTableViewCell.m */; };
		8A78571C1BEF36D2007A915F /* LCCellTableViewCell.xib in Resources */ = {isa = PBXBuildFile; fileRef = 8A78571A1BEF36D2007A915F /* LCCellTableViewCell.xib */; };
		8A7857201BEF3A04007A915F /* LCAutolayoutAnimationViewController.m in Sources */ = {isa = PBXBuildFile; fileRef = 8A78571E1BEF3A04007A915F /* LCAutolayoutAnimationViewController.m */; };
		8A7857211BEF3A04007A915F /* LCAutolayoutAnimationViewController.xib in Resources */ = {isa = PBXBuildFile; fileRef = 8A78571F1BEF3A04007A915F /* LCAutolayoutAnimationViewController.xib */; };
		8A7857281BEF3D1D007A915F /* LCAutolayoutConstraintsWithCodeViewController.m in Sources */ = {isa = PBXBuildFile; fileRef = 8A7857261BEF3D1C007A915F /* LCAutolayoutConstraintsWithCodeViewController.m */; };
		8A7857291BEF3D1D007A915F /* LCAutolayoutConstraintsWithCodeViewController.xib in Resources */ = {isa = PBXBuildFile; fileRef = 8A7857271BEF3D1C007A915F /* LCAutolayoutConstraintsWithCodeViewController.xib */; };
		8A78572D1BEF3F4A007A915F /* LCAutolayoutVFLViewController.m in Sources */ = {isa = PBXBuildFile; fileRef = 8A78572B1BEF3F4A007A915F /* LCAutolayoutVFLViewController.m */; };
		8A78572E1BEF3F4A007A915F /* LCAutolayoutVFLViewController.xib in Resources */ = {isa = PBXBuildFile; fileRef = 8A78572C1BEF3F4A007A915F /* LCAutolayoutVFLViewController.xib */; };
		8AF4A0421BEA41E80005A866 /* main.m in Sources */ = {isa = PBXBuildFile; fileRef = 8AF4A0411BEA41E80005A866 /* main.m */; };
		8AF4A0451BEA41E80005A866 /* AppDelegate.m in Sources */ = {isa = PBXBuildFile; fileRef = 8AF4A0441BEA41E80005A866 /* AppDelegate.m */; };
		8AF4A04B1BEA41E80005A866 /* Main.storyboard in Resources */ = {isa = PBXBuildFile; fileRef = 8AF4A0491BEA41E80005A866 /* Main.storyboard */; };
		8AF4A04D1BEA41E80005A866 /* Assets.xcassets in Resources */ = {isa = PBXBuildFile; fileRef = 8AF4A04C1BEA41E80005A866 /* Assets.xcassets */; };
		8AF4A0501BEA41E80005A866 /* LaunchScreen.storyboard in Resources */ = {isa = PBXBuildFile; fileRef = 8AF4A04E1BEA41E80005A866 /* LaunchScreen.storyboard */; };
		8AF4A05B1BEA41E80005A866 /* LCAutolayoutExampleTests.m in Sources */ = {isa = PBXBuildFile; fileRef = 8AF4A05A1BEA41E80005A866 /* LCAutolayoutExampleTests.m */; };
		8AF4A0661BEA41E80005A866 /* LCAutolayoutExampleUITests.m in Sources */ = {isa = PBXBuildFile; fileRef = 8AF4A0651BEA41E80005A866 /* LCAutolayoutExampleUITests.m */; };
/* End PBXBuildFile section */

/* Begin PBXContainerItemProxy section */
		8AF4A0571BEA41E80005A866 /* PBXContainerItemProxy */ = {
			isa = PBXContainerItemProxy;
			containerPortal = 8AF4A0351BEA41E80005A866 /* Project object */;
			proxyType = 1;
			remoteGlobalIDString = 8AF4A03C1BEA41E80005A866;
			remoteInfo = LCAutolayoutExample;
		};
		8AF4A0621BEA41E80005A866 /* PBXContainerItemProxy */ = {
			isa = PBXContainerItemProxy;
			containerPortal = 8AF4A0351BEA41E80005A866 /* Project object */;
			proxyType = 1;
			remoteGlobalIDString = 8AF4A03C1BEA41E80005A866;
			remoteInfo = LCAutolayoutExample;
		};
/* End PBXContainerItemProxy section */

/* Begin PBXFileReference section */
		8A36135C1BEBB3F100A54C10 /* LCExampleListViewController.h */ = {isa = PBXFileReference; fileEncoding = 4; lastKnownFileType = sourcecode.c.h; path = LCExampleListViewController.h; sourceTree = "<group>"; };
		8A36135D1BEBB3F100A54C10 /* LCExampleListViewController.m */ = {isa = PBXFileReference; fileEncoding = 4; lastKnownFileType = sourcecode.c.objc; path = LCExampleListViewController.m; sourceTree = "<group>"; };
		8A36135F1BEBB5CE00A54C10 /* LCFrameLikeAutoLayoutController.h */ = {isa = PBXFileReference; fileEncoding = 4; lastKnownFileType = sourcecode.c.h; path = LCFrameLikeAutoLayoutController.h; sourceTree = "<group>"; };
		8A3613601BEBB5CE00A54C10 /* LCFrameLikeAutoLayoutController.m */ = {isa = PBXFileReference; fileEncoding = 4; lastKnownFileType = sourcecode.c.objc; path = LCFrameLikeAutoLayoutController.m; sourceTree = "<group>"; };
		8A3613611BEBB5CE00A54C10 /* LCFrameLikeAutoLayoutController.xib */ = {isa = PBXFileReference; fileEncoding = 4; lastKnownFileType = file.xib; path = LCFrameLikeAutoLayoutController.xib; sourceTree = "<group>"; };
		8A3613641BEBB7D100A54C10 /* LCResponsiveAutoLayoutViewController.h */ = {isa = PBXFileReference; fileEncoding = 4; lastKnownFileType = sourcecode.c.h; path = LCResponsiveAutoLayoutViewController.h; sourceTree = "<group>"; };
		8A3613651BEBB7D100A54C10 /* LCResponsiveAutoLayoutViewController.m */ = {isa = PBXFileReference; fileEncoding = 4; lastKnownFileType = sourcecode.c.objc; path = LCResponsiveAutoLayoutViewController.m; sourceTree = "<group>"; };
		8A3613661BEBB7D100A54C10 /* LCResponsiveAutoLayoutViewController.xib */ = {isa = PBXFileReference; fileEncoding = 4; lastKnownFileType = file.xib; path = LCResponsiveAutoLayoutViewController.xib; sourceTree = "<group>"; };
		8A3613691BEBBD9400A54C10 /* LCLaunchScreenViewController.h */ = {isa = PBXFileReference; fileEncoding = 4; lastKnownFileType = sourcecode.c.h; path = LCLaunchScreenViewController.h; sourceTree = "<group>"; };
		8A36136A1BEBBD9400A54C10 /* LCLaunchScreenViewController.m */ = {isa = PBXFileReference; fileEncoding = 4; lastKnownFileType = sourcecode.c.objc; path = LCLaunchScreenViewController.m; sourceTree = "<group>"; };
		8A36136B1BEBBD9400A54C10 /* LCLaunchScreenViewController.xib */ = {isa = PBXFileReference; fileEncoding = 4; lastKnownFileType = file.xib; path = LCLaunchScreenViewController.xib; sourceTree = "<group>"; };
		8A36136E1BEBC13400A54C10 /* LCIntrinsicContentSizeViewController.h */ = {isa = PBXFileReference; fileEncoding = 4; lastKnownFileType = sourcecode.c.h; path = LCIntrinsicContentSizeViewController.h; sourceTree = "<group>"; };
		8A36136F1BEBC13400A54C10 /* LCIntrinsicContentSizeViewController.m */ = {isa = PBXFileReference; fileEncoding = 4; lastKnownFileType = sourcecode.c.objc; path = LCIntrinsicContentSizeViewController.m; sourceTree = "<group>"; };
		8A3613701BEBC13400A54C10 /* LCIntrinsicContentSizeViewController.xib */ = {isa = PBXFileReference; fileEncoding = 4; lastKnownFileType = file.xib; path = LCIntrinsicContentSizeViewController.xib; sourceTree = "<group>"; };
		8A7856C01BEEF498007A915F /* LCIntrinsicContentSizeExplanationViewController.h */ = {isa = PBXFileReference; fileEncoding = 4; lastKnownFileType = sourcecode.c.h; path = LCIntrinsicContentSizeExplanationViewController.h; sourceTree = "<group>"; };
		8A7856C11BEEF498007A915F /* LCIntrinsicContentSizeExplanationViewController.m */ = {isa = PBXFileReference; fileEncoding = 4; lastKnownFileType = sourcecode.c.objc; path = LCIntrinsicContentSizeExplanationViewController.m; sourceTree = "<group>"; };
		8A7856C21BEEF498007A915F /* LCIntrinsicContentSizeExplanationViewController.xib */ = {isa = PBXFileReference; fileEncoding = 4; lastKnownFileType = file.xib; path = LCIntrinsicContentSizeExplanationViewController.xib; sourceTree = "<group>"; };
		8A7857041BEEFF9A007A915F /* LCDynamicLableHeightViewController.h */ = {isa = PBXFileReference; fileEncoding = 4; lastKnownFileType = sourcecode.c.h; path = LCDynamicLableHeightViewController.h; sourceTree = "<group>"; };
		8A7857051BEEFF9A007A915F /* LCDynamicLableHeightViewController.m */ = {isa = PBXFileReference; fileEncoding = 4; lastKnownFileType = sourcecode.c.objc; path = LCDynamicLableHeightViewController.m; sourceTree = "<group>"; };
		8A7857061BEEFF9A007A915F /* LCDynamicLableHeightViewController.xib */ = {isa = PBXFileReference; fileEncoding = 4; lastKnownFileType = file.xib; path = LCDynamicLableHeightViewController.xib; sourceTree = "<group>"; };
		8A78570E1BEF3057007A915F /* LCAutolayoutLifecycleViewController.h */ = {isa = PBXFileReference; fileEncoding = 4; lastKnownFileType = sourcecode.c.h; path = LCAutolayoutLifecycleViewController.h; sourceTree = "<group>"; };
		8A78570F1BEF3057007A915F /* LCAutolayoutLifecycleViewController.m */ = {isa = PBXFileReference; fileEncoding = 4; lastKnownFileType = sourcecode.c.objc; path = LCAutolayoutLifecycleViewController.m; sourceTree = "<group>"; };
		8A7857101BEF3057007A915F /* LCAutolayoutLifecycleViewController.xib */ = {isa = PBXFileReference; fileEncoding = 4; lastKnownFileType = file.xib; path = LCAutolayoutLifecycleViewController.xib; sourceTree = "<group>"; };
		8A7857131BEF36B3007A915F /* LCSelfSizingTableViewController.h */ = {isa = PBXFileReference; fileEncoding = 4; lastKnownFileType = sourcecode.c.h; path = LCSelfSizingTableViewController.h; sourceTree = "<group>"; };
		8A7857141BEF36B3007A915F /* LCSelfSizingTableViewController.m */ = {isa = PBXFileReference; fileEncoding = 4; lastKnownFileType = sourcecode.c.objc; path = LCSelfSizingTableViewController.m; sourceTree = "<group>"; };
		8A7857151BEF36B3007A915F /* LCSelfSizingTableViewController.xib */ = {isa = PBXFileReference; fileEncoding = 4; lastKnownFileType = file.xib; path = LCSelfSizingTableViewController.xib; sourceTree = "<group>"; };
		8A7857181BEF36D2007A915F /* LCCellTableViewCell.h */ = {isa = PBXFileReference; fileEncoding = 4; lastKnownFileType = sourcecode.c.h; path = LCCellTableViewCell.h; sourceTree = "<group>"; };
		8A7857191BEF36D2007A915F /* LCCellTableViewCell.m */ = {isa = PBXFileReference; fileEncoding = 4; lastKnownFileType = sourcecode.c.objc; path = LCCellTableViewCell.m; sourceTree = "<group>"; };
		8A78571A1BEF36D2007A915F /* LCCellTableViewCell.xib */ = {isa = PBXFileReference; fileEncoding = 4; lastKnownFileType = file.xib; path = LCCellTableViewCell.xib; sourceTree = "<group>"; };
		8A78571D1BEF3A04007A915F /* LCAutolayoutAnimationViewController.h */ = {isa = PBXFileReference; fileEncoding = 4; lastKnownFileType = sourcecode.c.h; path = LCAutolayoutAnimationViewController.h; sourceTree = "<group>"; };
		8A78571E1BEF3A04007A915F /* LCAutolayoutAnimationViewController.m */ = {isa = PBXFileReference; fileEncoding = 4; lastKnownFileType = sourcecode.c.objc; path = LCAutolayoutAnimationViewController.m; sourceTree = "<group>"; };
		8A78571F1BEF3A04007A915F /* LCAutolayoutAnimationViewController.xib */ = {isa = PBXFileReference; fileEncoding = 4; lastKnownFileType = file.xib; path = LCAutolayoutAnimationViewController.xib; sourceTree = "<group>"; };
		8A7857251BEF3D1C007A915F /* LCAutolayoutConstraintsWithCodeViewController.h */ = {isa = PBXFileReference; fileEncoding = 4; lastKnownFileType = sourcecode.c.h; path = LCAutolayoutConstraintsWithCodeViewController.h; sourceTree = "<group>"; };
		8A7857261BEF3D1C007A915F /* LCAutolayoutConstraintsWithCodeViewController.m */ = {isa = PBXFileReference; fileEncoding = 4; lastKnownFileType = sourcecode.c.objc; path = LCAutolayoutConstraintsWithCodeViewController.m; sourceTree = "<group>"; };
		8A7857271BEF3D1C007A915F /* LCAutolayoutConstraintsWithCodeViewController.xib */ = {isa = PBXFileReference; fileEncoding = 4; lastKnownFileType = file.xib; path = LCAutolayoutConstraintsWithCodeViewController.xib; sourceTree = "<group>"; };
		8A78572A1BEF3F4A007A915F /* LCAutolayoutVFLViewController.h */ = {isa = PBXFileReference; fileEncoding = 4; lastKnownFileType = sourcecode.c.h; path = LCAutolayoutVFLViewController.h; sourceTree = "<group>"; };
		8A78572B1BEF3F4A007A915F /* LCAutolayoutVFLViewController.m */ = {isa = PBXFileReference; fileEncoding = 4; lastKnownFileType = sourcecode.c.objc; path = LCAutolayoutVFLViewController.m; sourceTree = "<group>"; };
		8A78572C1BEF3F4A007A915F /* LCAutolayoutVFLViewController.xib */ = {isa = PBXFileReference; fileEncoding = 4; lastKnownFileType = file.xib; path = LCAutolayoutVFLViewController.xib; sourceTree = "<group>"; };
		8AF4A03D1BEA41E80005A866 /* LCAutolayoutExample.app */ = {isa = PBXFileReference; explicitFileType = wrapper.application; includeInIndex = 0; path = LCAutolayoutExample.app; sourceTree = BUILT_PRODUCTS_DIR; };
		8AF4A0411BEA41E80005A866 /* main.m */ = {isa = PBXFileReference; lastKnownFileType = sourcecode.c.objc; path = main.m; sourceTree = "<group>"; };
		8AF4A0431BEA41E80005A866 /* AppDelegate.h */ = {isa = PBXFileReference; lastKnownFileType = sourcecode.c.h; path = AppDelegate.h; sourceTree = "<group>"; };
		8AF4A0441BEA41E80005A866 /* AppDelegate.m */ = {isa = PBXFileReference; lastKnownFileType = sourcecode.c.objc; path = AppDelegate.m; sourceTree = "<group>"; };
		8AF4A04A1BEA41E80005A866 /* Base */ = {isa = PBXFileReference; lastKnownFileType = file.storyboard; name = Base; path = Base.lproj/Main.storyboard; sourceTree = "<group>"; };
		8AF4A04C1BEA41E80005A866 /* Assets.xcassets */ = {isa = PBXFileReference; lastKnownFileType = folder.assetcatalog; path = Assets.xcassets; sourceTree = "<group>"; };
		8AF4A04F1BEA41E80005A866 /* Base */ = {isa = PBXFileReference; lastKnownFileType = file.storyboard; name = Base; path = Base.lproj/LaunchScreen.storyboard; sourceTree = "<group>"; };
		8AF4A0511BEA41E80005A866 /* Info.plist */ = {isa = PBXFileReference; lastKnownFileType = text.plist.xml; path = Info.plist; sourceTree = "<group>"; };
		8AF4A0561BEA41E80005A866 /* LCAutolayoutExampleTests.xctest */ = {isa = PBXFileReference; explicitFileType = wrapper.cfbundle; includeInIndex = 0; path = LCAutolayoutExampleTests.xctest; sourceTree = BUILT_PRODUCTS_DIR; };
		8AF4A05A1BEA41E80005A866 /* LCAutolayoutExampleTests.m */ = {isa = PBXFileReference; lastKnownFileType = sourcecode.c.objc; path = LCAutolayoutExampleTests.m; sourceTree = "<group>"; };
		8AF4A05C1BEA41E80005A866 /* Info.plist */ = {isa = PBXFileReference; lastKnownFileType = text.plist.xml; path = Info.plist; sourceTree = "<group>"; };
		8AF4A0611BEA41E80005A866 /* LCAutolayoutExampleUITests.xctest */ = {isa = PBXFileReference; explicitFileType = wrapper.cfbundle; includeInIndex = 0; path = LCAutolayoutExampleUITests.xctest; sourceTree = BUILT_PRODUCTS_DIR; };
		8AF4A0651BEA41E80005A866 /* LCAutolayoutExampleUITests.m */ = {isa = PBXFileReference; lastKnownFileType = sourcecode.c.objc; path = LCAutolayoutExampleUITests.m; sourceTree = "<group>"; };
		8AF4A0671BEA41E90005A866 /* Info.plist */ = {isa = PBXFileReference; lastKnownFileType = text.plist.xml; path = Info.plist; sourceTree = "<group>"; };
/* End PBXFileReference section */

/* Begin PBXFrameworksBuildPhase section */
		8AF4A03A1BEA41E80005A866 /* Frameworks */ = {
			isa = PBXFrameworksBuildPhase;
			buildActionMask = 2147483647;
			files = (
			);
			runOnlyForDeploymentPostprocessing = 0;
		};
		8AF4A0531BEA41E80005A866 /* Frameworks */ = {
			isa = PBXFrameworksBuildPhase;
			buildActionMask = 2147483647;
			files = (
			);
			runOnlyForDeploymentPostprocessing = 0;
		};
		8AF4A05E1BEA41E80005A866 /* Frameworks */ = {
			isa = PBXFrameworksBuildPhase;
			buildActionMask = 2147483647;
			files = (
			);
			runOnlyForDeploymentPostprocessing = 0;
		};
/* End PBXFrameworksBuildPhase section */

/* Begin PBXGroup section */
		8A36135B1BEBB39E00A54C10 /* ViewControllers */ = {
			isa = PBXGroup;
			children = (
				8A36135C1BEBB3F100A54C10 /* LCExampleListViewController.h */,
				8A36135D1BEBB3F100A54C10 /* LCExampleListViewController.m */,
				8A36135F1BEBB5CE00A54C10 /* LCFrameLikeAutoLayoutController.h */,
				8A3613601BEBB5CE00A54C10 /* LCFrameLikeAutoLayoutController.m */,
				8A3613611BEBB5CE00A54C10 /* LCFrameLikeAutoLayoutController.xib */,
				8A3613641BEBB7D100A54C10 /* LCResponsiveAutoLayoutViewController.h */,
				8A3613651BEBB7D100A54C10 /* LCResponsiveAutoLayoutViewController.m */,
				8A3613661BEBB7D100A54C10 /* LCResponsiveAutoLayoutViewController.xib */,
				8A3613691BEBBD9400A54C10 /* LCLaunchScreenViewController.h */,
				8A36136A1BEBBD9400A54C10 /* LCLaunchScreenViewController.m */,
				8A36136B1BEBBD9400A54C10 /* LCLaunchScreenViewController.xib */,
				8A7856C01BEEF498007A915F /* LCIntrinsicContentSizeExplanationViewController.h */,
				8A7856C11BEEF498007A915F /* LCIntrinsicContentSizeExplanationViewController.m */,
				8A7856C21BEEF498007A915F /* LCIntrinsicContentSizeExplanationViewController.xib */,
				8A7857041BEEFF9A007A915F /* LCDynamicLableHeightViewController.h */,
				8A7857051BEEFF9A007A915F /* LCDynamicLableHeightViewController.m */,
				8A7857061BEEFF9A007A915F /* LCDynamicLableHeightViewController.xib */,
				8A36136E1BEBC13400A54C10 /* LCIntrinsicContentSizeViewController.h */,
				8A36136F1BEBC13400A54C10 /* LCIntrinsicContentSizeViewController.m */,
				8A3613701BEBC13400A54C10 /* LCIntrinsicContentSizeViewController.xib */,
				8A78570E1BEF3057007A915F /* LCAutolayoutLifecycleViewController.h */,
				8A78570F1BEF3057007A915F /* LCAutolayoutLifecycleViewController.m */,
				8A7857101BEF3057007A915F /* LCAutolayoutLifecycleViewController.xib */,
				8A7857131BEF36B3007A915F /* LCSelfSizingTableViewController.h */,
				8A7857141BEF36B3007A915F /* LCSelfSizingTableViewController.m */,
				8A7857151BEF36B3007A915F /* LCSelfSizingTableViewController.xib */,
				8A7857181BEF36D2007A915F /* LCCellTableViewCell.h */,
				8A7857191BEF36D2007A915F /* LCCellTableViewCell.m */,
				8A78571A1BEF36D2007A915F /* LCCellTableViewCell.xib */,
				8A78571D1BEF3A04007A915F /* LCAutolayoutAnimationViewController.h */,
				8A78571E1BEF3A04007A915F /* LCAutolayoutAnimationViewController.m */,
				8A78571F1BEF3A04007A915F /* LCAutolayoutAnimationViewController.xib */,
				8A7857251BEF3D1C007A915F /* LCAutolayoutConstraintsWithCodeViewController.h */,
				8A7857261BEF3D1C007A915F /* LCAutolayoutConstraintsWithCodeViewController.m */,
				8A7857271BEF3D1C007A915F /* LCAutolayoutConstraintsWithCodeViewController.xib */,
				8A78572A1BEF3F4A007A915F /* LCAutolayoutVFLViewController.h */,
				8A78572B1BEF3F4A007A915F /* LCAutolayoutVFLViewController.m */,
				8A78572C1BEF3F4A007A915F /* LCAutolayoutVFLViewController.xib */,
			);
			path = ViewControllers;
			sourceTree = "<group>";
		};
		8AF4A0341BEA41E80005A866 = {
			isa = PBXGroup;
			children = (
				8AF4A03F1BEA41E80005A866 /* LCAutolayoutExample */,
				8AF4A0591BEA41E80005A866 /* LCAutolayoutExampleTests */,
				8AF4A0641BEA41E80005A866 /* LCAutolayoutExampleUITests */,
				8AF4A03E1BEA41E80005A866 /* Products */,
			);
			sourceTree = "<group>";
		};
		8AF4A03E1BEA41E80005A866 /* Products */ = {
			isa = PBXGroup;
			children = (
				8AF4A03D1BEA41E80005A866 /* LCAutolayoutExample.app */,
				8AF4A0561BEA41E80005A866 /* LCAutolayoutExampleTests.xctest */,
				8AF4A0611BEA41E80005A866 /* LCAutolayoutExampleUITests.xctest */,
			);
			name = Products;
			sourceTree = "<group>";
		};
		8AF4A03F1BEA41E80005A866 /* LCAutolayoutExample */ = {
			isa = PBXGroup;
			children = (
				8A36135B1BEBB39E00A54C10 /* ViewControllers */,
				8AF4A0431BEA41E80005A866 /* AppDelegate.h */,
				8AF4A0441BEA41E80005A866 /* AppDelegate.m */,
				8AF4A0491BEA41E80005A866 /* Main.storyboard */,
				8AF4A04C1BEA41E80005A866 /* Assets.xcassets */,
				8AF4A04E1BEA41E80005A866 /* LaunchScreen.storyboard */,
				8AF4A0511BEA41E80005A866 /* Info.plist */,
				8AF4A0401BEA41E80005A866 /* Supporting Files */,
			);
			path = LCAutolayoutExample;
			sourceTree = "<group>";
		};
		8AF4A0401BEA41E80005A866 /* Supporting Files */ = {
			isa = PBXGroup;
			children = (
				8AF4A0411BEA41E80005A866 /* main.m */,
			);
			name = "Supporting Files";
			sourceTree = "<group>";
		};
		8AF4A0591BEA41E80005A866 /* LCAutolayoutExampleTests */ = {
			isa = PBXGroup;
			children = (
				8AF4A05A1BEA41E80005A866 /* LCAutolayoutExampleTests.m */,
				8AF4A05C1BEA41E80005A866 /* Info.plist */,
			);
			path = LCAutolayoutExampleTests;
			sourceTree = "<group>";
		};
		8AF4A0641BEA41E80005A866 /* LCAutolayoutExampleUITests */ = {
			isa = PBXGroup;
			children = (
				8AF4A0651BEA41E80005A866 /* LCAutolayoutExampleUITests.m */,
				8AF4A0671BEA41E90005A866 /* Info.plist */,
			);
			path = LCAutolayoutExampleUITests;
			sourceTree = "<group>";
		};
/* End PBXGroup section */

/* Begin PBXNativeTarget section */
		8AF4A03C1BEA41E80005A866 /* LCAutolayoutExample */ = {
			isa = PBXNativeTarget;
			buildConfigurationList = 8AF4A06A1BEA41E90005A866 /* Build configuration list for PBXNativeTarget "LCAutolayoutExample" */;
			buildPhases = (
				8AF4A0391BEA41E80005A866 /* Sources */,
				8AF4A03A1BEA41E80005A866 /* Frameworks */,
				8AF4A03B1BEA41E80005A866 /* Resources */,
			);
			buildRules = (
			);
			dependencies = (
			);
			name = LCAutolayoutExample;
			productName = LCAutolayoutExample;
			productReference = 8AF4A03D1BEA41E80005A866 /* LCAutolayoutExample.app */;
			productType = "com.apple.product-type.application";
		};
		8AF4A0551BEA41E80005A866 /* LCAutolayoutExampleTests */ = {
			isa = PBXNativeTarget;
			buildConfigurationList = 8AF4A06D1BEA41E90005A866 /* Build configuration list for PBXNativeTarget "LCAutolayoutExampleTests" */;
			buildPhases = (
				8AF4A0521BEA41E80005A866 /* Sources */,
				8AF4A0531BEA41E80005A866 /* Frameworks */,
				8AF4A0541BEA41E80005A866 /* Resources */,
			);
			buildRules = (
			);
			dependencies = (
				8AF4A0581BEA41E80005A866 /* PBXTargetDependency */,
			);
			name = LCAutolayoutExampleTests;
			productName = LCAutolayoutExampleTests;
			productReference = 8AF4A0561BEA41E80005A866 /* LCAutolayoutExampleTests.xctest */;
			productType = "com.apple.product-type.bundle.unit-test";
		};
		8AF4A0601BEA41E80005A866 /* LCAutolayoutExampleUITests */ = {
			isa = PBXNativeTarget;
			buildConfigurationList = 8AF4A0701BEA41E90005A866 /* Build configuration list for PBXNativeTarget "LCAutolayoutExampleUITests" */;
			buildPhases = (
				8AF4A05D1BEA41E80005A866 /* Sources */,
				8AF4A05E1BEA41E80005A866 /* Frameworks */,
				8AF4A05F1BEA41E80005A866 /* Resources */,
			);
			buildRules = (
			);
			dependencies = (
				8AF4A0631BEA41E80005A866 /* PBXTargetDependency */,
			);
			name = LCAutolayoutExampleUITests;
			productName = LCAutolayoutExampleUITests;
			productReference = 8AF4A0611BEA41E80005A866 /* LCAutolayoutExampleUITests.xctest */;
			productType = "com.apple.product-type.bundle.ui-testing";
		};
/* End PBXNativeTarget section */

/* Begin PBXProject section */
		8AF4A0351BEA41E80005A866 /* Project object */ = {
			isa = PBXProject;
			attributes = {
				LastUpgradeCheck = 0710;
				ORGANIZATIONNAME = DCode;
				TargetAttributes = {
					8AF4A03C1BEA41E80005A866 = {
						CreatedOnToolsVersion = 7.1;
					};
					8AF4A0551BEA41E80005A866 = {
						CreatedOnToolsVersion = 7.1;
						TestTargetID = 8AF4A03C1BEA41E80005A866;
					};
					8AF4A0601BEA41E80005A866 = {
						CreatedOnToolsVersion = 7.1;
						TestTargetID = 8AF4A03C1BEA41E80005A866;
					};
				};
			};
			buildConfigurationList = 8AF4A0381BEA41E80005A866 /* Build configuration list for PBXProject "LCAutolayoutExample" */;
			compatibilityVersion = "Xcode 3.2";
			developmentRegion = English;
			hasScannedForEncodings = 0;
			knownRegions = (
				en,
				Base,
			);
			mainGroup = 8AF4A0341BEA41E80005A866;
			productRefGroup = 8AF4A03E1BEA41E80005A866 /* Products */;
			projectDirPath = "";
			projectRoot = "";
			targets = (
				8AF4A03C1BEA41E80005A866 /* LCAutolayoutExample */,
				8AF4A0551BEA41E80005A866 /* LCAutolayoutExampleTests */,
				8AF4A0601BEA41E80005A866 /* LCAutolayoutExampleUITests */,
			);
		};
/* End PBXProject section */

/* Begin PBXResourcesBuildPhase section */
		8AF4A03B1BEA41E80005A866 /* Resources */ = {
			isa = PBXResourcesBuildPhase;
			buildActionMask = 2147483647;
			files = (
				8A78571C1BEF36D2007A915F /* LCCellTableViewCell.xib in Resources */,
				8A7857171BEF36B3007A915F /* LCSelfSizingTableViewController.xib in Resources */,
				8A3613721BEBC13400A54C10 /* LCIntrinsicContentSizeViewController.xib in Resources */,
				8A7857081BEEFF9A007A915F /* LCDynamicLableHeightViewController.xib in Resources */,
				8A7857121BEF3057007A915F /* LCAutolayoutLifecycleViewController.xib in Resources */,
				8A7857211BEF3A04007A915F /* LCAutolayoutAnimationViewController.xib in Resources */,
				8AF4A0501BEA41E80005A866 /* LaunchScreen.storyboard in Resources */,
				8AF4A04D1BEA41E80005A866 /* Assets.xcassets in Resources */,
				8A3613681BEBB7D100A54C10 /* LCResponsiveAutoLayoutViewController.xib in Resources */,
				8A36136D1BEBBD9400A54C10 /* LCLaunchScreenViewController.xib in Resources */,
				8A7856C41BEEF498007A915F /* LCIntrinsicContentSizeExplanationViewController.xib in Resources */,
				8A7857291BEF3D1D007A915F /* LCAutolayoutConstraintsWithCodeViewController.xib in Resources */,
				8A3613631BEBB5CE00A54C10 /* LCFrameLikeAutoLayoutController.xib in Resources */,
				8A78572E1BEF3F4A007A915F /* LCAutolayoutVFLViewController.xib in Resources */,
				8AF4A04B1BEA41E80005A866 /* Main.storyboard in Resources */,
			);
			runOnlyForDeploymentPostprocessing = 0;
		};
		8AF4A0541BEA41E80005A866 /* Resources */ = {
			isa = PBXResourcesBuildPhase;
			buildActionMask = 2147483647;
			files = (
			);
			runOnlyForDeploymentPostprocessing = 0;
		};
		8AF4A05F1BEA41E80005A866 /* Resources */ = {
			isa = PBXResourcesBuildPhase;
			buildActionMask = 2147483647;
			files = (
			);
			runOnlyForDeploymentPostprocessing = 0;
		};
/* End PBXResourcesBuildPhase section */

/* Begin PBXSourcesBuildPhase section */
		8AF4A0391BEA41E80005A866 /* Sources */ = {
			isa = PBXSourcesBuildPhase;
			buildActionMask = 2147483647;
			files = (
				8A3613711BEBC13400A54C10 /* LCIntrinsicContentSizeViewController.m in Sources */,
				8A36136C1BEBBD9400A54C10 /* LCLaunchScreenViewController.m in Sources */,
				8A7856C31BEEF498007A915F /* LCIntrinsicContentSizeExplanationViewController.m in Sources */,
				8A7857161BEF36B3007A915F /* LCSelfSizingTableViewController.m in Sources */,
				8AF4A0451BEA41E80005A866 /* AppDelegate.m in Sources */,
				8A7857071BEEFF9A007A915F /* LCDynamicLableHeightViewController.m in Sources */,
				8A78572D1BEF3F4A007A915F /* LCAutolayoutVFLViewController.m in Sources */,
				8A36135E1BEBB3F100A54C10 /* LCExampleListViewController.m in Sources */,
				8A78571B1BEF36D2007A915F /* LCCellTableViewCell.m in Sources */,
				8AF4A0421BEA41E80005A866 /* main.m in Sources */,
				8A3613671BEBB7D100A54C10 /* LCResponsiveAutoLayoutViewController.m in Sources */,
				8A7857201BEF3A04007A915F /* LCAutolayoutAnimationViewController.m in Sources */,
				8A7857281BEF3D1D007A915F /* LCAutolayoutConstraintsWithCodeViewController.m in Sources */,
				8A7857111BEF3057007A915F /* LCAutolayoutLifecycleViewController.m in Sources */,
				8A3613621BEBB5CE00A54C10 /* LCFrameLikeAutoLayoutController.m in Sources */,
			);
			runOnlyForDeploymentPostprocessing = 0;
		};
		8AF4A0521BEA41E80005A866 /* Sources */ = {
			isa = PBXSourcesBuildPhase;
			buildActionMask = 2147483647;
			files = (
				8AF4A05B1BEA41E80005A866 /* LCAutolayoutExampleTests.m in Sources */,
			);
			runOnlyForDeploymentPostprocessing = 0;
		};
		8AF4A05D1BEA41E80005A866 /* Sources */ = {
			isa = PBXSourcesBuildPhase;
			buildActionMask = 2147483647;
			files = (
				8AF4A0661BEA41E80005A866 /* LCAutolayoutExampleUITests.m in Sources */,
			);
			runOnlyForDeploymentPostprocessing = 0;
		};
/* End PBXSourcesBuildPhase section */

/* Begin PBXTargetDependency section */
		8AF4A0581BEA41E80005A866 /* PBXTargetDependency */ = {
			isa = PBXTargetDependency;
			target = 8AF4A03C1BEA41E80005A866 /* LCAutolayoutExample */;
			targetProxy = 8AF4A0571BEA41E80005A866 /* PBXContainerItemProxy */;
		};
		8AF4A0631BEA41E80005A866 /* PBXTargetDependency */ = {
			isa = PBXTargetDependency;
			target = 8AF4A03C1BEA41E80005A866 /* LCAutolayoutExample */;
			targetProxy = 8AF4A0621BEA41E80005A866 /* PBXContainerItemProxy */;
		};
/* End PBXTargetDependency section */

/* Begin PBXVariantGroup section */
		8AF4A0491BEA41E80005A866 /* Main.storyboard */ = {
			isa = PBXVariantGroup;
			children = (
				8AF4A04A1BEA41E80005A866 /* Base */,
			);
			name = Main.storyboard;
			sourceTree = "<group>";
		};
		8AF4A04E1BEA41E80005A866 /* LaunchScreen.storyboard */ = {
			isa = PBXVariantGroup;
			children = (
				8AF4A04F1BEA41E80005A866 /* Base */,
			);
			name = LaunchScreen.storyboard;
			sourceTree = "<group>";
		};
/* End PBXVariantGroup section */

/* Begin XCBuildConfiguration section */
		8AF4A0681BEA41E90005A866 /* Debug */ = {
			isa = XCBuildConfiguration;
			buildSettings = {
				ALWAYS_SEARCH_USER_PATHS = NO;
				CLANG_CXX_LANGUAGE_STANDARD = "gnu++0x";
				CLANG_CXX_LIBRARY = "libc++";
				CLANG_ENABLE_MODULES = YES;
				CLANG_ENABLE_OBJC_ARC = YES;
				CLANG_WARN_BOOL_CONVERSION = YES;
				CLANG_WARN_CONSTANT_CONVERSION = YES;
				CLANG_WARN_DIRECT_OBJC_ISA_USAGE = YES_ERROR;
				CLANG_WARN_EMPTY_BODY = YES;
				CLANG_WARN_ENUM_CONVERSION = YES;
				CLANG_WARN_INT_CONVERSION = YES;
				CLANG_WARN_OBJC_ROOT_CLASS = YES_ERROR;
				CLANG_WARN_UNREACHABLE_CODE = YES;
				CLANG_WARN__DUPLICATE_METHOD_MATCH = YES;
				"CODE_SIGN_IDENTITY[sdk=iphoneos*]" = "iPhone Developer";
				COPY_PHASE_STRIP = NO;
				DEBUG_INFORMATION_FORMAT = dwarf;
				ENABLE_STRICT_OBJC_MSGSEND = YES;
				ENABLE_TESTABILITY = YES;
				GCC_C_LANGUAGE_STANDARD = gnu99;
				GCC_DYNAMIC_NO_PIC = NO;
				GCC_NO_COMMON_BLOCKS = YES;
				GCC_OPTIMIZATION_LEVEL = 0;
				GCC_PREPROCESSOR_DEFINITIONS = (
					"DEBUG=1",
					"$(inherited)",
				);
				GCC_WARN_64_TO_32_BIT_CONVERSION = YES;
				GCC_WARN_ABOUT_RETURN_TYPE = YES_ERROR;
				GCC_WARN_UNDECLARED_SELECTOR = YES;
				GCC_WARN_UNINITIALIZED_AUTOS = YES_AGGRESSIVE;
				GCC_WARN_UNUSED_FUNCTION = YES;
				GCC_WARN_UNUSED_VARIABLE = YES;
				IPHONEOS_DEPLOYMENT_TARGET = 9.1;
				MTL_ENABLE_DEBUG_INFO = YES;
				ONLY_ACTIVE_ARCH = YES;
				SDKROOT = iphoneos;
				TARGETED_DEVICE_FAMILY = "1,2";
			};
			name = Debug;
		};
		8AF4A0691BEA41E90005A866 /* Release */ = {
			isa = XCBuildConfiguration;
			buildSettings = {
				ALWAYS_SEARCH_USER_PATHS = NO;
				CLANG_CXX_LANGUAGE_STANDARD = "gnu++0x";
				CLANG_CXX_LIBRARY = "libc++";
				CLANG_ENABLE_MODULES = YES;
				CLANG_ENABLE_OBJC_ARC = YES;
				CLANG_WARN_BOOL_CONVERSION = YES;
				CLANG_WARN_CONSTANT_CONVERSION = YES;
				CLANG_WARN_DIRECT_OBJC_ISA_USAGE = YES_ERROR;
				CLANG_WARN_EMPTY_BODY = YES;
				CLANG_WARN_ENUM_CONVERSION = YES;
				CLANG_WARN_INT_CONVERSION = YES;
				CLANG_WARN_OBJC_ROOT_CLASS = YES_ERROR;
				CLANG_WARN_UNREACHABLE_CODE = YES;
				CLANG_WARN__DUPLICATE_METHOD_MATCH = YES;
				"CODE_SIGN_IDENTITY[sdk=iphoneos*]" = "iPhone Developer";
				COPY_PHASE_STRIP = NO;
				DEBUG_INFORMATION_FORMAT = "dwarf-with-dsym";
				ENABLE_NS_ASSERTIONS = NO;
				ENABLE_STRICT_OBJC_MSGSEND = YES;
				GCC_C_LANGUAGE_STANDARD = gnu99;
				GCC_NO_COMMON_BLOCKS = YES;
				GCC_WARN_64_TO_32_BIT_CONVERSION = YES;
				GCC_WARN_ABOUT_RETURN_TYPE = YES_ERROR;
				GCC_WARN_UNDECLARED_SELECTOR = YES;
				GCC_WARN_UNINITIALIZED_AUTOS = YES_AGGRESSIVE;
				GCC_WARN_UNUSED_FUNCTION = YES;
				GCC_WARN_UNUSED_VARIABLE = YES;
				IPHONEOS_DEPLOYMENT_TARGET = 9.1;
				MTL_ENABLE_DEBUG_INFO = NO;
				SDKROOT = iphoneos;
				TARGETED_DEVICE_FAMILY = "1,2";
				VALIDATE_PRODUCT = YES;
			};
			name = Release;
		};
		8AF4A06B1BEA41E90005A866 /* Debug */ = {
			isa = XCBuildConfiguration;
			buildSettings = {
				ASSETCATALOG_COMPILER_APPICON_NAME = AppIcon;
				INFOPLIST_FILE = LCAutolayoutExample/Info.plist;
				IPHONEOS_DEPLOYMENT_TARGET = 8.0;
				LD_RUNPATH_SEARCH_PATHS = "$(inherited) @executable_path/Frameworks";
				PRODUCT_BUNDLE_IDENTIFIER = com.dcode.LCAutolayoutExample;
				PRODUCT_NAME = "$(TARGET_NAME)";
			};
			name = Debug;
		};
		8AF4A06C1BEA41E90005A866 /* Release */ = {
			isa = XCBuildConfiguration;
			buildSettings = {
				ASSETCATALOG_COMPILER_APPICON_NAME = AppIcon;
				INFOPLIST_FILE = LCAutolayoutExample/Info.plist;
				IPHONEOS_DEPLOYMENT_TARGET = 8.0;
				LD_RUNPATH_SEARCH_PATHS = "$(inherited) @executable_path/Frameworks";
				PRODUCT_BUNDLE_IDENTIFIER = com.dcode.LCAutolayoutExample;
				PRODUCT_NAME = "$(TARGET_NAME)";
			};
			name = Release;
		};
		8AF4A06E1BEA41E90005A866 /* Debug */ = {
			isa = XCBuildConfiguration;
			buildSettings = {
				BUNDLE_LOADER = "$(TEST_HOST)";
				INFOPLIST_FILE = LCAutolayoutExampleTests/Info.plist;
				LD_RUNPATH_SEARCH_PATHS = "$(inherited) @executable_path/Frameworks @loader_path/Frameworks";
				PRODUCT_BUNDLE_IDENTIFIER = com.dcode.LCAutolayoutExampleTests;
				PRODUCT_NAME = "$(TARGET_NAME)";
				TEST_HOST = "$(BUILT_PRODUCTS_DIR)/LCAutolayoutExample.app/LCAutolayoutExample";
			};
			name = Debug;
		};
		8AF4A06F1BEA41E90005A866 /* Release */ = {
			isa = XCBuildConfiguration;
			buildSettings = {
				BUNDLE_LOADER = "$(TEST_HOST)";
				INFOPLIST_FILE = LCAutolayoutExampleTests/Info.plist;
				LD_RUNPATH_SEARCH_PATHS = "$(inherited) @executable_path/Frameworks @loader_path/Frameworks";
				PRODUCT_BUNDLE_IDENTIFIER = com.dcode.LCAutolayoutExampleTests;
				PRODUCT_NAME = "$(TARGET_NAME)";
				TEST_HOST = "$(BUILT_PRODUCTS_DIR)/LCAutolayoutExample.app/LCAutolayoutExample";
			};
			name = Release;
		};
		8AF4A0711BEA41E90005A866 /* Debug */ = {
			isa = XCBuildConfiguration;
			buildSettings = {
				INFOPLIST_FILE = LCAutolayoutExampleUITests/Info.plist;
				LD_RUNPATH_SEARCH_PATHS = "$(inherited) @executable_path/Frameworks @loader_path/Frameworks";
				PRODUCT_BUNDLE_IDENTIFIER = com.dcode.LCAutolayoutExampleUITests;
				PRODUCT_NAME = "$(TARGET_NAME)";
				TEST_TARGET_NAME = LCAutolayoutExample;
				USES_XCTRUNNER = YES;
			};
			name = Debug;
		};
		8AF4A0721BEA41E90005A866 /* Release */ = {
			isa = XCBuildConfiguration;
			buildSettings = {
				INFOPLIST_FILE = LCAutolayoutExampleUITests/Info.plist;
				LD_RUNPATH_SEARCH_PATHS = "$(inherited) @executable_path/Frameworks @loader_path/Frameworks";
				PRODUCT_BUNDLE_IDENTIFIER = com.dcode.LCAutolayoutExampleUITests;
				PRODUCT_NAME = "$(TARGET_NAME)";
				TEST_TARGET_NAME = LCAutolayoutExample;
				USES_XCTRUNNER = YES;
			};
			name = Release;
		};
/* End XCBuildConfiguration section */

/* Begin XCConfigurationList section */
		8AF4A0381BEA41E80005A866 /* Build configuration list for PBXProject "LCAutolayoutExample" */ = {
			isa = XCConfigurationList;
			buildConfigurations = (
				8AF4A0681BEA41E90005A866 /* Debug */,
				8AF4A0691BEA41E90005A866 /* Release */,
			);
			defaultConfigurationIsVisible = 0;
			defaultConfigurationName = Release;
		};
		8AF4A06A1BEA41E90005A866 /* Build configuration list for PBXNativeTarget "LCAutolayoutExample" */ = {
			isa = XCConfigurationList;
			buildConfigurations = (
				8AF4A06B1BEA41E90005A866 /* Debug */,
				8AF4A06C1BEA41E90005A866 /* Release */,
			);
			defaultConfigurationIsVisible = 0;
			defaultConfigurationName = Release;
		};
		8AF4A06D1BEA41E90005A866 /* Build configuration list for PBXNativeTarget "LCAutolayoutExampleTests" */ = {
			isa = XCConfigurationList;
			buildConfigurations = (
				8AF4A06E1BEA41E90005A866 /* Debug */,
				8AF4A06F1BEA41E90005A866 /* Release */,
			);
			defaultConfigurationIsVisible = 0;
			defaultConfigurationName = Release;
		};
		8AF4A0701BEA41E90005A866 /* Build configuration list for PBXNativeTarget "LCAutolayoutExampleUITests" */ = {
			isa = XCConfigurationList;
			buildConfigurations = (
				8AF4A0711BEA41E90005A866 /* Debug */,
				8AF4A0721BEA41E90005A866 /* Release */,
			);
			defaultConfigurationIsVisible = 0;
			defaultConfigurationName = Release;
		};
/* End XCConfigurationList section */
	};
	rootObject = 8AF4A0351BEA41E80005A866 /* Project object */;
}
